{
  "version": 4,
  "terraform_version": "1.0.11",
  "serial": 3,
  "lineage": "95681db9-732b-a0cc-05a7-6410735e00ab",
  "outputs": {},
  "resources": [
    {
      "mode": "data",
      "type": "hpegl_metal_available_images",
      "name": "ubuntu",
      "provider": "provider[\"registry.terraform.io/hpe/hpegl\"]",
      "instances": [
        {
          "schema_version": 0,
          "attributes": {
            "filter": [
              {
                "name": "flavor",
                "values": [
                  "(?i)ubuntu"
                ]
              },
              {
                "name": "version",
                "values": [
                  "20.04*"
                ]
              }
            ],
            "id": "images",
            "images": [
              {
                "category": "linux",
                "flavor": "ubuntu",
                "id": "d2884595-073d-4936-abe7-f5fc4b33e28f",
                "version": "18.04-20220404"
              },
              {
                "category": "linux",
                "flavor": "ubuntu",
                "id": "c51f0b82-8fd0-4d31-ba33-bf9f0dc330ca",
                "version": "20.04-20220404"
              }
            ]
          },
          "sensitive_attributes": []
        }
      ]
    },
    {
      "mode": "data",
      "type": "hpegl_metal_available_resources",
      "name": "available",
      "provider": "provider[\"registry.terraform.io/hpe/hpegl\"]",
      "instances": [
        {
          "schema_version": 0,
          "attributes": {
            "filter": null,
            "id": "resources",
            "images": [
              {
                "category": "VMware",
                "flavor": "ESXi",
                "id": "bc6f8dc2-42e6-4abe-b313-f1cac8e0e449",
                "version": "6.7-U3-20220404"
              },
              {
                "category": "VMware",
                "flavor": "ESXi",
                "id": "e5c6a5da-da9d-4716-9703-b741dbe12278",
                "version": "7.0-U3-20220404"
              },
              {
                "category": "linux",
                "flavor": "RHEL",
                "id": "b4ffc9c2-cae9-4075-935a-d334a5a58008",
                "version": "7.9-20220404"
              },
              {
                "category": "linux",
                "flavor": "SLES",
                "id": "947454d0-2e22-42f0-a958-044404cfedfc",
                "version": "15-SP1-20220404"
              },
              {
                "category": "linux",
                "flavor": "SLES",
                "id": "e1ac5e4d-0f6d-424b-8b30-2833593784f9",
                "version": "15-SP2-20220404"
              },
              {
                "category": "linux",
                "flavor": "ubuntu",
                "id": "d2884595-073d-4936-abe7-f5fc4b33e28f",
                "version": "18.04-20220404"
              },
              {
                "category": "linux",
                "flavor": "ubuntu",
                "id": "c51f0b82-8fd0-4d31-ba33-bf9f0dc330ca",
                "version": "20.04-20220404"
              }
            ],
            "locations": [
              {
                "country": "USA",
                "data_center": "SIM504",
                "id": "07ad9bc0-434f-463b-8717-78264d07379d",
                "location": "USA:UPC:SIM504",
                "region": "UPC"
              }
            ],
            "machine_sizes": [
              {
                "description": "",
                "id": "5ab80fa8-6800-43d3-9c8f-0529c0ed6bbb",
                "location": "USA:UPC:SIM504",
                "location_id": "07ad9bc0-434f-463b-8717-78264d07379d",
                "name": "C2i",
                "quantity": 34
              },
              {
                "description": "",
                "id": "56fb8f77-c970-454f-afe4-bbcdb50a5d76",
                "location": "USA:UPC:SIM504",
                "location_id": "07ad9bc0-434f-463b-8717-78264d07379d",
                "name": "C2ie",
                "quantity": 42
              },
              {
                "description": "",
                "id": "75fe96d1-2102-4054-98a3-04c29f164ff1",
                "location": "USA:UPC:SIM504",
                "location_id": "07ad9bc0-434f-463b-8717-78264d07379d",
                "name": "G2i",
                "quantity": 40
              },
              {
                "description": "",
                "id": "54943d32-c8dc-41be-9e9d-2c2902fc66a7",
                "location": "USA:UPC:SIM504",
                "location_id": "07ad9bc0-434f-463b-8717-78264d07379d",
                "name": "G2ie",
                "quantity": 40
              },
              {
                "description": "",
                "id": "903e5368-e3d1-477a-8237-d6b99dffa700",
                "location": "USA:UPC:SIM504",
                "location_id": "07ad9bc0-434f-463b-8717-78264d07379d",
                "name": "M2i",
                "quantity": 20
              },
              {
                "description": "",
                "id": "a9bd5591-360c-4050-bcf7-13ebba22538f",
                "location": "USA:UPC:SIM504",
                "location_id": "07ad9bc0-434f-463b-8717-78264d07379d",
                "name": "M2ie",
                "quantity": 23
              }
            ],
            "networks": [
              {
                "description": "External access",
                "host_use": "Required",
                "id": "d6870b5b-01a2-4b68-b07a-c15fd179f816",
                "ip_pool": [],
                "ip_pool_id": "ff4cac2a-d1ac-47c0-8e18-83cb81906405",
                "location": "USA:UPC:SIM504",
                "location_id": "07ad9bc0-434f-463b-8717-78264d07379d",
                "name": "Primary",
                "purpose": "",
                "vlan": 300,
                "vni": 25300
              },
              {
                "description": "For simulation use only",
                "host_use": "Default",
                "id": "e155be44-bbfa-43a6-9db3-7487e8c6d9fb",
                "ip_pool": [],
                "ip_pool_id": "76fc1486-3632-4707-938b-88f91a2864f7",
                "location": "USA:UPC:SIM504",
                "location_id": "07ad9bc0-434f-463b-8717-78264d07379d",
                "name": "Storage-Client",
                "purpose": "iSCSI-A",
                "vlan": 401,
                "vni": 25401
              }
            ],
            "ssh_keys": [
              {
                "id": "5a857f7e-1c5e-42b3-b8c4-0e981e80475d",
                "name": "MySSHKey"
              }
            ],
            "volume_flavors": [
              {
                "description": "",
                "id": "0a97486b-3fc7-4004-8938-672d9b08b551",
                "name": "Block Storage – Standard (Bs)"
              }
            ],
            "volumes": []
          },
          "sensitive_attributes": []
        }
      ]
    },
    {
      "mode": "managed",
      "type": "hpegl_metal_host",
      "name": "demo_host",
      "provider": "provider[\"registry.terraform.io/hpe/hpegl\"]",
      "instances": [
        {
          "schema_version": 0,
          "attributes": {
            "allocated_ips": null,
            "chap_secret": "g3m2xmGLIUkYv1AD",
            "chap_user": "hpe.b66c96aa1561335393b04026ea4985fc",
            "connections": {
              "Primary": "172.30.0.2"
            },
            "connections_gateway": {
              "Primary": "172.30.0.1"
            },
            "connections_subnet": {
              "Primary": "172.30.0.0/16"
            },
            "connections_vlan": {
              "Primary": 300
            },
            "description": "demo-host-1\nSimple Host Deployment Demo",
            "host_action_async": true,
            "id": "31638a10-18b8-4ffa-af5f-cd0ee9103fa0",
            "image": "ubuntu@18.04-20220404",
            "initiator_name": "iqn.2019-10.com.hpe.glm:31638a1018b8",
            "labels": {},
            "location": "USA:UPC:SIM504",
            "location_id": "07ad9bc0-434f-463b-8717-78264d07379d",
            "machine_size": "C2i",
            "machine_size_id": "5ab80fa8-6800-43d3-9c8f-0529c0ed6bbb",
            "name": "31638a10-18b8-4ffa-af5f-cd0ee9103fa0",
            "network_ids": [
              "d6870b5b-01a2-4b68-b07a-c15fd179f816"
            ],
            "network_route": null,
            "network_route_id": "d6870b5b-01a2-4b68-b07a-c15fd179f816",
            "network_untagged": null,
            "network_untagged_id": "",
            "networks": [
              "Primary"
            ],
            "portal_comm_okay": true,
            "power_state": "UNKNOWN",
            "ssh": [
              "MySSHKey"
            ],
            "ssh_ids": [
              "ssh-rsa AAAAB3NzaC1yc2EAAAADAQABAAABAQC1Hlca5S7gDye/vUc84NQczFviR75UmNwEbJ+iSM68c7N33kWK56BjIZjmNIy3b/wrrDD/CUrQBRP9GYg1RzqXoOLEt4TWN3PYSEjJ99TiF+8IrUsAohnH6sAXb4UK159KY3o/j0qZx92kiaId1QvdIV2SxPPXcdrjNk/VpqdSTjCpwBvbQPbUuixhpL+yZKRJdL2qTrGE/nbBOlRmh3OjxF1KsxwI5RaVaFEqxwr9UMNyC7dizXQ1zg5ZiDqahLw3btd5rIQWeucOLd8gFfSSrz+XkTJ8VhYykhi/lgxc/yjLwYI9XCzl2JScQM5PlQ3lX698JUGeSMVP69T0qGYT sample@test.com"
            ],
            "state": "Deleted",
            "sub_state": "",
            "summary_status": "OK",
            "timeouts": null,
            "user_data": "",
            "volume_attachments": null,
            "volume_infos": []
          },
          "sensitive_attributes": [],
          "private": "eyJlMmJmYjczMC1lY2FhLTExZTYtOGY4OC0zNDM2M2JjN2M0YzAiOnsiY3JlYXRlIjozNjAwMDAwMDAwMDAwLCJkZWxldGUiOjM2MDAwMDAwMDAwMDAsInVwZGF0ZSI6MzYwMDAwMDAwMDAwMH19",
          "dependencies": [
            "data.hpegl_metal_available_images.ubuntu",
            "data.hpegl_metal_available_resources.available"
          ]
        }
      ]
    }
  ]
}
